
Microsoft Visual Studio Solution File, Format Version 12.00
# Visual Studio Version 16
VisualStudioVersion = 16.0.31410.357
MinimumVisualStudioVersion = 10.0.40219.1
Project("{FAE04EC0-301F-11D3-BF4B-00C04F79EFBC}") = "InventoryManagement", "InventoryManagement\InventoryManagement.csproj", "{99176258-94AC-4A6C-86B0-AF7743DBF7C5}"
EndProject
Global
	GlobalSection(SolutionConfigurationPlatforms) = preSolution
		Debug|Any CPU = Debug|Any CPU
		Release|Any CPU = Release|Any CPU
	EndGlobalSection
	GlobalSection(ProjectConfigurationPlatforms) = postSolution
		{99176258-94AC-4A6C-86B0-AF7743DBF7C5}.Debug|Any CPU.ActiveCfg = Debug|Any CPU
		{99176258-94AC-4A6C-86B0-AF7743DBF7C5}.Debug|Any CPU.Build.0 = Debug|Any CPU
		{99176258-94AC-4A6C-86B0-AF7743DBF7C5}.Release|Any CPU.ActiveCfg = Release|Any CPU
		{99176258-94AC-4A6C-86B0-AF7743DBF7C5}.Release|Any CPU.Build.0 = Release|Any CPU
	EndGlobalSection
	GlobalSection(SolutionProperties) = preSolution
		HideSolutionNode = FALSE
	EndGlobalSection
	GlobalSection(ExtensibilityGlobals) = postSolution
		SolutionGuid = {5ED76154-EAF4-4D47-A4DF-711320715715}
	EndGlobalSection
EndGlobal
